
Microsoft Visual Studio Solution File, Format Version 12.00
# Visual Studio Version 17
VisualStudioVersion = 17.7.34202.233
MinimumVisualStudioVersion = 10.0.40219.1
Project("{FAE04EC0-301F-11D3-BF4B-00C04F79EFBC}") = "Line matcher", "Line matcher\Line matcher.csproj", "{45E2553B-B4B9-4171-9DB7-F83033754D8E}"
EndProject
Global
	GlobalSection(SolutionConfigurationPlatforms) = preSolution
		Debug|Any CPU = Debug|Any CPU
		Release|Any CPU = Release|Any CPU
	EndGlobalSection
	GlobalSection(ProjectConfigurationPlatforms) = postSolution
		{45E2553B-B4B9-4171-9DB7-F83033754D8E}.Debug|Any CPU.ActiveCfg = Debug|Any CPU
		{45E2553B-B4B9-4171-9DB7-F83033754D8E}.Debug|Any CPU.Build.0 = Debug|Any CPU
		{45E2553B-B4B9-4171-9DB7-F83033754D8E}.Release|Any CPU.ActiveCfg = Release|Any CPU
		{45E2553B-B4B9-4171-9DB7-F83033754D8E}.Release|Any CPU.Build.0 = Release|Any CPU
	EndGlobalSection
	GlobalSection(SolutionProperties) = preSolution
		HideSolutionNode = FALSE
	EndGlobalSection
	GlobalSection(ExtensibilityGlobals) = postSolution
		SolutionGuid = {7BA247C8-E844-4918-8BF9-5509F0C11A77}
	EndGlobalSection
EndGlobal
